// !$*UTF8*$!
{
	archiveVersion = 1;
	classes = {
	};
	objectVersion = 56;
	objects = {

/* Begin PBXBuildFile section */
		1986BF072C4AA3FC004F49BF /* AsyncCompatibility.swift in Sources */ = {isa = PBXBuildFile; fileRef = 1986BEE82C4AA3FC004F49BF /* AsyncCompatibility.swift */; };
		1986BF082C4AA3FC004F49BF /* Concurrency.swift in Sources */ = {isa = PBXBuildFile; fileRef = 1986BEE92C4AA3FC004F49BF /* Concurrency.swift */; };
		1986BF092C4AA3FC004F49BF /* Foundation.swift in Sources */ = {isa = PBXBuildFile; fileRef = 1986BEEA2C4AA3FC004F49BF /* Foundation.swift */; };
		1986BF0A2C4AA3FC004F49BF /* Lazy.swift in Sources */ = {isa = PBXBuildFile; fileRef = 1986BEEB2C4AA3FC004F49BF /* Lazy.swift */; };
		1986BF0B2C4AA3FC004F49BF /* Logging.swift in Sources */ = {isa = PBXBuildFile; fileRef = 1986BEEC2C4AA3FC004F49BF /* Logging.swift */; };
		1986BF0C2C4AA3FC004F49BF /* RegularExpression.swift in Sources */ = {isa = PBXBuildFile; fileRef = 1986BEED2C4AA3FC004F49BF /* RegularExpression.swift */; };
		1986BF0D2C4AA3FC004F49BF /* Retry.swift in Sources */ = {isa = PBXBuildFile; fileRef = 1986BEEE2C4AA3FC004F49BF /* Retry.swift */; };
		1986BF0E2C4AA3FC004F49BF /* URLSessionDelegates.swift in Sources */ = {isa = PBXBuildFile; fileRef = 1986BEEF2C4AA3FC004F49BF /* URLSessionDelegates.swift */; };
		1986BF0F2C4AA3FC004F49BF /* WebSocket.swift in Sources */ = {isa = PBXBuildFile; fileRef = 1986BEF02C4AA3FC004F49BF /* WebSocket.swift */; };
		1986BF102C4AA3FC004F49BF /* Codecs.swift in Sources */ = {isa = PBXBuildFile; fileRef = 1986BEF22C4AA3FC004F49BF /* Codecs.swift */; };
		1986BF112C4AA3FC004F49BF /* FileExtension.swift in Sources */ = {isa = PBXBuildFile; fileRef = 1986BEF32C4AA3FC004F49BF /* FileExtension.swift */; };
		1986BF122C4AA3FC004F49BF /* ITag.swift in Sources */ = {isa = PBXBuildFile; fileRef = 1986BEF42C4AA3FC004F49BF /* ITag.swift */; };
		1986BF132C4AA3FC004F49BF /* Livestream.swift in Sources */ = {isa = PBXBuildFile; fileRef = 1986BEF52C4AA3FC004F49BF /* Livestream.swift */; };
		1986BF142C4AA3FC004F49BF /* Method.swift in Sources */ = {isa = PBXBuildFile; fileRef = 1986BEF62C4AA3FC004F49BF /* Method.swift */; };
		1986BF152C4AA3FC004F49BF /* Stream.swift in Sources */ = {isa = PBXBuildFile; fileRef = 1986BEF72C4AA3FC004F49BF /* Stream.swift */; };
		1986BF162C4AA3FC004F49BF /* StreamQuery.swift in Sources */ = {isa = PBXBuildFile; fileRef = 1986BEF82C4AA3FC004F49BF /* StreamQuery.swift */; };
		1986BF172C4AA3FC004F49BF /* YouTubeMetadata.swift in Sources */ = {isa = PBXBuildFile; fileRef = 1986BEF92C4AA3FC004F49BF /* YouTubeMetadata.swift */; };
		1986BF182C4AA3FC004F49BF /* RemoteStream.swift in Sources */ = {isa = PBXBuildFile; fileRef = 1986BEFB2C4AA3FC004F49BF /* RemoteStream.swift */; };
		1986BF192C4AA3FC004F49BF /* RemoteYouTubeClient.swift in Sources */ = {isa = PBXBuildFile; fileRef = 1986BEFD2C4AA3FC004F49BF /* RemoteYouTubeClient.swift */; };
		1986BF1A2C4AA3FC004F49BF /* Cipher.swift in Sources */ = {isa = PBXBuildFile; fileRef = 1986BEFF2C4AA3FC004F49BF /* Cipher.swift */; };
		1986BF1B2C4AA3FC004F49BF /* Errors.swift in Sources */ = {isa = PBXBuildFile; fileRef = 1986BF002C4AA3FC004F49BF /* Errors.swift */; };
		1986BF1C2C4AA3FC004F49BF /* Extraction.swift in Sources */ = {isa = PBXBuildFile; fileRef = 1986BF012C4AA3FC004F49BF /* Extraction.swift */; };
		1986BF1D2C4AA3FC004F49BF /* InnerTube.swift in Sources */ = {isa = PBXBuildFile; fileRef = 1986BF022C4AA3FC004F49BF /* InnerTube.swift */; };
		1986BF1E2C4AA3FC004F49BF /* Parser.swift in Sources */ = {isa = PBXBuildFile; fileRef = 1986BF032C4AA3FC004F49BF /* Parser.swift */; };
		1986BF1F2C4AA3FC004F49BF /* YouTube.swift in Sources */ = {isa = PBXBuildFile; fileRef = 1986BF042C4AA3FC004F49BF /* YouTube.swift */; };
		1986BF212C4AA8EC004F49BF /* rm_extractor.js in Resources */ = {isa = PBXBuildFile; fileRef = 1986BF202C4AA8EC004F49BF /* rm_extractor.js */; };
		198F91832B517D5100E6CB0F /* AppDelegate.swift in Sources */ = {isa = PBXBuildFile; fileRef = 198F91822B517D5100E6CB0F /* AppDelegate.swift */; };
		198F91852B517D5100E6CB0F /* SceneDelegate.swift in Sources */ = {isa = PBXBuildFile; fileRef = 198F91842B517D5100E6CB0F /* SceneDelegate.swift */; };
		198F91872B517D5100E6CB0F /* ViewController.swift in Sources */ = {isa = PBXBuildFile; fileRef = 198F91862B517D5100E6CB0F /* ViewController.swift */; };
		198F918A2B517D5100E6CB0F /* Main.storyboard in Resources */ = {isa = PBXBuildFile; fileRef = 198F91882B517D5100E6CB0F /* Main.storyboard */; };
		198F918C2B517D5300E6CB0F /* Assets.xcassets in Resources */ = {isa = PBXBuildFile; fileRef = 198F918B2B517D5300E6CB0F /* Assets.xcassets */; };
		198F918F2B517D5300E6CB0F /* LaunchScreen.storyboard in Resources */ = {isa = PBXBuildFile; fileRef = 198F918D2B517D5300E6CB0F /* LaunchScreen.storyboard */; };
		8F7B7700ADB9CC16F377C6BB /* Pods_Example.framework in Frameworks */ = {isa = PBXBuildFile; fileRef = D9A288606D8B4C38ED5C8136 /* Pods_Example.framework */; };
/* End PBXBuildFile section */

/* Begin PBXFileReference section */
		0C3031F0F68EE43D35155C71 /* Pods-Example.release.xcconfig */ = {isa = PBXFileReference; includeInIndex = 1; lastKnownFileType = text.xcconfig; name = "Pods-Example.release.xcconfig"; path = "Target Support Files/Pods-Example/Pods-Example.release.xcconfig"; sourceTree = "<group>"; };
		1986BEE42C4A8E34004F49BF /* Example.app */ = {isa = PBXFileReference; explicitFileType = wrapper.application; includeInIndex = 0; path = Example.app; sourceTree = BUILT_PRODUCTS_DIR; };
		1986BEE82C4AA3FC004F49BF /* AsyncCompatibility.swift */ = {isa = PBXFileReference; fileEncoding = 4; lastKnownFileType = sourcecode.swift; path = AsyncCompatibility.swift; sourceTree = "<group>"; };
		1986BEE92C4AA3FC004F49BF /* Concurrency.swift */ = {isa = PBXFileReference; fileEncoding = 4; lastKnownFileType = sourcecode.swift; path = Concurrency.swift; sourceTree = "<group>"; };
		1986BEEA2C4AA3FC004F49BF /* Foundation.swift */ = {isa = PBXFileReference; fileEncoding = 4; lastKnownFileType = sourcecode.swift; path = Foundation.swift; sourceTree = "<group>"; };
		1986BEEB2C4AA3FC004F49BF /* Lazy.swift */ = {isa = PBXFileReference; fileEncoding = 4; lastKnownFileType = sourcecode.swift; path = Lazy.swift; sourceTree = "<group>"; };
		1986BEEC2C4AA3FC004F49BF /* Logging.swift */ = {isa = PBXFileReference; fileEncoding = 4; lastKnownFileType = sourcecode.swift; path = Logging.swift; sourceTree = "<group>"; };
		1986BEED2C4AA3FC004F49BF /* RegularExpression.swift */ = {isa = PBXFileReference; fileEncoding = 4; lastKnownFileType = sourcecode.swift; path = RegularExpression.swift; sourceTree = "<group>"; };
		1986BEEE2C4AA3FC004F49BF /* Retry.swift */ = {isa = PBXFileReference; fileEncoding = 4; lastKnownFileType = sourcecode.swift; path = Retry.swift; sourceTree = "<group>"; };
		1986BEEF2C4AA3FC004F49BF /* URLSessionDelegates.swift */ = {isa = PBXFileReference; fileEncoding = 4; lastKnownFileType = sourcecode.swift; path = URLSessionDelegates.swift; sourceTree = "<group>"; };
		1986BEF02C4AA3FC004F49BF /* WebSocket.swift */ = {isa = PBXFileReference; fileEncoding = 4; lastKnownFileType = sourcecode.swift; path = WebSocket.swift; sourceTree = "<group>"; };
		1986BEF22C4AA3FC004F49BF /* Codecs.swift */ = {isa = PBXFileReference; fileEncoding = 4; lastKnownFileType = sourcecode.swift; path = Codecs.swift; sourceTree = "<group>"; };
		1986BEF32C4AA3FC004F49BF /* FileExtension.swift */ = {isa = PBXFileReference; fileEncoding = 4; lastKnownFileType = sourcecode.swift; path = FileExtension.swift; sourceTree = "<group>"; };
		1986BEF42C4AA3FC004F49BF /* ITag.swift */ = {isa = PBXFileReference; fileEncoding = 4; lastKnownFileType = sourcecode.swift; path = ITag.swift; sourceTree = "<group>"; };
		1986BEF52C4AA3FC004F49BF /* Livestream.swift */ = {isa = PBXFileReference; fileEncoding = 4; lastKnownFileType = sourcecode.swift; path = Livestream.swift; sourceTree = "<group>"; };
		1986BEF62C4AA3FC004F49BF /* Method.swift */ = {isa = PBXFileReference; fileEncoding = 4; lastKnownFileType = sourcecode.swift; path = Method.swift; sourceTree = "<group>"; };
		1986BEF72C4AA3FC004F49BF /* Stream.swift */ = {isa = PBXFileReference; fileEncoding = 4; lastKnownFileType = sourcecode.swift; path = Stream.swift; sourceTree = "<group>"; };
		1986BEF82C4AA3FC004F49BF /* StreamQuery.swift */ = {isa = PBXFileReference; fileEncoding = 4; lastKnownFileType = sourcecode.swift; path = StreamQuery.swift; sourceTree = "<group>"; };
		1986BEF92C4AA3FC004F49BF /* YouTubeMetadata.swift */ = {isa = PBXFileReference; fileEncoding = 4; lastKnownFileType = sourcecode.swift; path = YouTubeMetadata.swift; sourceTree = "<group>"; };
		1986BEFB2C4AA3FC004F49BF /* RemoteStream.swift */ = {isa = PBXFileReference; fileEncoding = 4; lastKnownFileType = sourcecode.swift; path = RemoteStream.swift; sourceTree = "<group>"; };
		1986BEFD2C4AA3FC004F49BF /* RemoteYouTubeClient.swift */ = {isa = PBXFileReference; fileEncoding = 4; lastKnownFileType = sourcecode.swift; path = RemoteYouTubeClient.swift; sourceTree = "<group>"; };
		1986BEFF2C4AA3FC004F49BF /* Cipher.swift */ = {isa = PBXFileReference; fileEncoding = 4; lastKnownFileType = sourcecode.swift; path = Cipher.swift; sourceTree = "<group>"; };
		1986BF002C4AA3FC004F49BF /* Errors.swift */ = {isa = PBXFileReference; fileEncoding = 4; lastKnownFileType = sourcecode.swift; path = Errors.swift; sourceTree = "<group>"; };
		1986BF012C4AA3FC004F49BF /* Extraction.swift */ = {isa = PBXFileReference; fileEncoding = 4; lastKnownFileType = sourcecode.swift; path = Extraction.swift; sourceTree = "<group>"; };
		1986BF022C4AA3FC004F49BF /* InnerTube.swift */ = {isa = PBXFileReference; fileEncoding = 4; lastKnownFileType = sourcecode.swift; path = InnerTube.swift; sourceTree = "<group>"; };
		1986BF032C4AA3FC004F49BF /* Parser.swift */ = {isa = PBXFileReference; fileEncoding = 4; lastKnownFileType = sourcecode.swift; path = Parser.swift; sourceTree = "<group>"; };
		1986BF042C4AA3FC004F49BF /* YouTube.swift */ = {isa = PBXFileReference; fileEncoding = 4; lastKnownFileType = sourcecode.swift; path = YouTube.swift; sourceTree = "<group>"; };
		1986BF202C4AA8EC004F49BF /* rm_extractor.js */ = {isa = PBXFileReference; fileEncoding = 4; lastKnownFileType = sourcecode.javascript; path = rm_extractor.js; sourceTree = "<group>"; };
		198F91822B517D5100E6CB0F /* AppDelegate.swift */ = {isa = PBXFileReference; lastKnownFileType = sourcecode.swift; path = AppDelegate.swift; sourceTree = "<group>"; };
		198F91842B517D5100E6CB0F /* SceneDelegate.swift */ = {isa = PBXFileReference; lastKnownFileType = sourcecode.swift; path = SceneDelegate.swift; sourceTree = "<group>"; };
		198F91862B517D5100E6CB0F /* ViewController.swift */ = {isa = PBXFileReference; lastKnownFileType = sourcecode.swift; path = ViewController.swift; sourceTree = "<group>"; };
		198F91892B517D5100E6CB0F /* Base */ = {isa = PBXFileReference; lastKnownFileType = file.storyboard; name = Base; path = Base.lproj/Main.storyboard; sourceTree = "<group>"; };
		198F918B2B517D5300E6CB0F /* Assets.xcassets */ = {isa = PBXFileReference; lastKnownFileType = folder.assetcatalog; path = Assets.xcassets; sourceTree = "<group>"; };
		198F918E2B517D5300E6CB0F /* Base */ = {isa = PBXFileReference; lastKnownFileType = file.storyboard; name = Base; path = Base.lproj/LaunchScreen.storyboard; sourceTree = "<group>"; };
		198F91902B517D5300E6CB0F /* Info.plist */ = {isa = PBXFileReference; lastKnownFileType = text.plist.xml; path = Info.plist; sourceTree = "<group>"; };
		D08DC0F5CD07FCE5BB7DCC66 /* Pods-Example.debug.xcconfig */ = {isa = PBXFileReference; includeInIndex = 1; lastKnownFileType = text.xcconfig; name = "Pods-Example.debug.xcconfig"; path = "Target Support Files/Pods-Example/Pods-Example.debug.xcconfig"; sourceTree = "<group>"; };
		D9A288606D8B4C38ED5C8136 /* Pods_Example.framework */ = {isa = PBXFileReference; explicitFileType = wrapper.framework; includeInIndex = 0; path = Pods_Example.framework; sourceTree = BUILT_PRODUCTS_DIR; };
/* End PBXFileReference section */

/* Begin PBXFrameworksBuildPhase section */
		198F917C2B517D5100E6CB0F /* Frameworks */ = {
			isa = PBXFrameworksBuildPhase;
			buildActionMask = 2147483647;
			files = (
				8F7B7700ADB9CC16F377C6BB /* Pods_Example.framework in Frameworks */,
			);
			runOnlyForDeploymentPostprocessing = 0;
		};
/* End PBXFrameworksBuildPhase section */

/* Begin PBXGroup section */
		1986BEF12C4AA3FC004F49BF /* Extensions */ = {
			isa = PBXGroup;
			children = (
				1986BEE82C4AA3FC004F49BF /* AsyncCompatibility.swift */,
				1986BEE92C4AA3FC004F49BF /* Concurrency.swift */,
				1986BEEA2C4AA3FC004F49BF /* Foundation.swift */,
				1986BEEB2C4AA3FC004F49BF /* Lazy.swift */,
				1986BEEC2C4AA3FC004F49BF /* Logging.swift */,
				1986BEED2C4AA3FC004F49BF /* RegularExpression.swift */,
				1986BEEE2C4AA3FC004F49BF /* Retry.swift */,
				1986BEEF2C4AA3FC004F49BF /* URLSessionDelegates.swift */,
				1986BEF02C4AA3FC004F49BF /* WebSocket.swift */,
			);
			path = Extensions;
			sourceTree = "<group>";
		};
		1986BEFA2C4AA3FC004F49BF /* Models */ = {
			isa = PBXGroup;
			children = (
				1986BEF22C4AA3FC004F49BF /* Codecs.swift */,
				1986BEF32C4AA3FC004F49BF /* FileExtension.swift */,
				1986BEF42C4AA3FC004F49BF /* ITag.swift */,
				1986BEF52C4AA3FC004F49BF /* Livestream.swift */,
				1986BEF62C4AA3FC004F49BF /* Method.swift */,
				1986BEF72C4AA3FC004F49BF /* Stream.swift */,
				1986BEF82C4AA3FC004F49BF /* StreamQuery.swift */,
				1986BEF92C4AA3FC004F49BF /* YouTubeMetadata.swift */,
			);
			path = Models;
			sourceTree = "<group>";
		};
		1986BEFC2C4AA3FC004F49BF /* Models */ = {
			isa = PBXGroup;
			children = (
				1986BEFB2C4AA3FC004F49BF /* RemoteStream.swift */,
			);
			path = Models;
			sourceTree = "<group>";
		};
		1986BEFE2C4AA3FC004F49BF /* Remote */ = {
			isa = PBXGroup;
			children = (
				1986BEFC2C4AA3FC004F49BF /* Models */,
				1986BEFD2C4AA3FC004F49BF /* RemoteYouTubeClient.swift */,
			);
			path = Remote;
			sourceTree = "<group>";
		};
		1986BF052C4AA3FC004F49BF /* YouTubeKit */ = {
			isa = PBXGroup;
			children = (
				1986BEF12C4AA3FC004F49BF /* Extensions */,
				1986BEFA2C4AA3FC004F49BF /* Models */,
				1986BEFE2C4AA3FC004F49BF /* Remote */,
				1986BEFF2C4AA3FC004F49BF /* Cipher.swift */,
				1986BF002C4AA3FC004F49BF /* Errors.swift */,
				1986BF012C4AA3FC004F49BF /* Extraction.swift */,
				1986BF022C4AA3FC004F49BF /* InnerTube.swift */,
				1986BF032C4AA3FC004F49BF /* Parser.swift */,
				1986BF042C4AA3FC004F49BF /* YouTube.swift */,
			);
			path = YouTubeKit;
			sourceTree = "<group>";
		};
		1986BF062C4AA3FC004F49BF /* Sources */ = {
			isa = PBXGroup;
			children = (
				1986BF052C4AA3FC004F49BF /* YouTubeKit */,
			);
			path = Sources;
			sourceTree = "<group>";
		};
		198F91762B517D5100E6CB0F = {
			isa = PBXGroup;
			children = (
				198F91812B517D5100E6CB0F /* Example */,
				9C083C45A9100A03F2E583D1 /* Pods */,
				B52B1EEC7C3FC75D8CD5B139 /* Frameworks */,
				1986BEE42C4A8E34004F49BF /* Example.app */,
			);
			sourceTree = "<group>";
		};
		198F91812B517D5100E6CB0F /* Example */ = {
			isa = PBXGroup;
			children = (
				198F91822B517D5100E6CB0F /* AppDelegate.swift */,
				198F91842B517D5100E6CB0F /* SceneDelegate.swift */,
				198F91862B517D5100E6CB0F /* ViewController.swift */,
				198F91882B517D5100E6CB0F /* Main.storyboard */,
				1986BF062C4AA3FC004F49BF /* Sources */,
				198F918B2B517D5300E6CB0F /* Assets.xcassets */,
				1986BF202C4AA8EC004F49BF /* rm_extractor.js */,
				198F918D2B517D5300E6CB0F /* LaunchScreen.storyboard */,
				198F91902B517D5300E6CB0F /* Info.plist */,
			);
			path = Example;
			sourceTree = "<group>";
		};
		9C083C45A9100A03F2E583D1 /* Pods */ = {
			isa = PBXGroup;
			children = (
				D08DC0F5CD07FCE5BB7DCC66 /* Pods-Example.debug.xcconfig */,
				0C3031F0F68EE43D35155C71 /* Pods-Example.release.xcconfig */,
			);
			path = Pods;
			sourceTree = "<group>";
		};
		B52B1EEC7C3FC75D8CD5B139 /* Frameworks */ = {
			isa = PBXGroup;
			children = (
				D9A288606D8B4C38ED5C8136 /* Pods_Example.framework */,
			);
			name = Frameworks;
			sourceTree = "<group>";
		};
/* End PBXGroup section */

/* Begin PBXNativeTarget section */
		198F917E2B517D5100E6CB0F /* Example */ = {
			isa = PBXNativeTarget;
			buildConfigurationList = 198F91932B517D5300E6CB0F /* Build configuration list for PBXNativeTarget "Example" */;
			buildPhases = (
				28C8992F37FD41A19BAE63D1 /* [CP] Check Pods Manifest.lock */,
				198F917B2B517D5100E6CB0F /* Sources */,
				198F917C2B517D5100E6CB0F /* Frameworks */,
				198F917D2B517D5100E6CB0F /* Resources */,
				B72F2410D6294A0FCB060316 /* [CP] Embed Pods Frameworks */,
			);
			buildRules = (
			);
			dependencies = (
			);
			name = Example;
			packageProductDependencies = (
			);
			productName = Example;
			productReference = 1986BEE42C4A8E34004F49BF /* Example.app */;
			productType = "com.apple.product-type.application";
		};
/* End PBXNativeTarget section */

/* Begin PBXProject section */
		198F91772B517D5100E6CB0F /* Project object */ = {
			isa = PBXProject;
			attributes = {
				BuildIndependentTargetsInParallel = 1;
				LastSwiftUpdateCheck = 1500;
				LastUpgradeCheck = 1500;
				TargetAttributes = {
					198F917E2B517D5100E6CB0F = {
						CreatedOnToolsVersion = 15.0.1;
					};
				};
			};
			buildConfigurationList = 198F917A2B517D5100E6CB0F /* Build configuration list for PBXProject "Example" */;
			compatibilityVersion = "Xcode 14.0";
			developmentRegion = en;
			hasScannedForEncodings = 0;
			knownRegions = (
				en,
				Base,
			);
			mainGroup = 198F91762B517D5100E6CB0F;
			packageReferences = (
			);
			productRefGroup = 198F91762B517D5100E6CB0F;
			projectDirPath = "";
			projectRoot = "";
			targets = (
				198F917E2B517D5100E6CB0F /* Example */,
			);
		};
/* End PBXProject section */

/* Begin PBXResourcesBuildPhase section */
		198F917D2B517D5100E6CB0F /* Resources */ = {
			isa = PBXResourcesBuildPhase;
			buildActionMask = 2147483647;
			files = (
				1986BF212C4AA8EC004F49BF /* rm_extractor.js in Resources */,
				198F918F2B517D5300E6CB0F /* LaunchScreen.storyboard in Resources */,
				198F918C2B517D5300E6CB0F /* Assets.xcassets in Resources */,
				198F918A2B517D5100E6CB0F /* Main.storyboard in Resources */,
			);
			runOnlyForDeploymentPostprocessing = 0;
		};
/* End PBXResourcesBuildPhase section */

/* Begin PBXShellScriptBuildPhase section */
		28C8992F37FD41A19BAE63D1 /* [CP] Check Pods Manifest.lock */ = {
			isa = PBXShellScriptBuildPhase;
			buildActionMask = 2147483647;
			files = (
			);
			inputFileListPaths = (
			);
			inputPaths = (
				"${PODS_PODFILE_DIR_PATH}/Podfile.lock",
				"${PODS_ROOT}/Manifest.lock",
			);
			name = "[CP] Check Pods Manifest.lock";
			outputFileListPaths = (
			);
			outputPaths = (
				"$(DERIVED_FILE_DIR)/Pods-Example-checkManifestLockResult.txt",
			);
			runOnlyForDeploymentPostprocessing = 0;
			shellPath = /bin/sh;
			shellScript = "diff \"${PODS_PODFILE_DIR_PATH}/Podfile.lock\" \"${PODS_ROOT}/Manifest.lock\" > /dev/null\nif [ $? != 0 ] ; then\n    # print error to STDERR\n    echo \"error: The sandbox is not in sync with the Podfile.lock. Run 'pod install' or update your CocoaPods installation.\" >&2\n    exit 1\nfi\n# This output is used by Xcode 'outputs' to avoid re-running this script phase.\necho \"SUCCESS\" > \"${SCRIPT_OUTPUT_FILE_0}\"\n";
			showEnvVarsInLog = 0;
		};
		B72F2410D6294A0FCB060316 /* [CP] Embed Pods Frameworks */ = {
			isa = PBXShellScriptBuildPhase;
			buildActionMask = 2147483647;
			files = (
			);
			inputFileListPaths = (
				"${PODS_ROOT}/Target Support Files/Pods-Example/Pods-Example-frameworks-${CONFIGURATION}-input-files.xcfilelist",
			);
			name = "[CP] Embed Pods Frameworks";
			outputFileListPaths = (
				"${PODS_ROOT}/Target Support Files/Pods-Example/Pods-Example-frameworks-${CONFIGURATION}-output-files.xcfilelist",
			);
			runOnlyForDeploymentPostprocessing = 0;
			shellPath = /bin/sh;
			shellScript = "\"${PODS_ROOT}/Target Support Files/Pods-Example/Pods-Example-frameworks.sh\"\n";
			showEnvVarsInLog = 0;
		};
/* End PBXShellScriptBuildPhase section */

/* Begin PBXSourcesBuildPhase section */
		198F917B2B517D5100E6CB0F /* Sources */ = {
			isa = PBXSourcesBuildPhase;
			buildActionMask = 2147483647;
			files = (
				1986BF102C4AA3FC004F49BF /* Codecs.swift in Sources */,
				1986BF0C2C4AA3FC004F49BF /* RegularExpression.swift in Sources */,
				198F91872B517D5100E6CB0F /* ViewController.swift in Sources */,
				1986BF082C4AA3FC004F49BF /* Concurrency.swift in Sources */,
				1986BF072C4AA3FC004F49BF /* AsyncCompatibility.swift in Sources */,
				1986BF152C4AA3FC004F49BF /* Stream.swift in Sources */,
				1986BF0D2C4AA3FC004F49BF /* Retry.swift in Sources */,
				1986BF112C4AA3FC004F49BF /* FileExtension.swift in Sources */,
				1986BF192C4AA3FC004F49BF /* RemoteYouTubeClient.swift in Sources */,
				1986BF0E2C4AA3FC004F49BF /* URLSessionDelegates.swift in Sources */,
				1986BF182C4AA3FC004F49BF /* RemoteStream.swift in Sources */,
				1986BF142C4AA3FC004F49BF /* Method.swift in Sources */,
				1986BF162C4AA3FC004F49BF /* StreamQuery.swift in Sources */,
				198F91832B517D5100E6CB0F /* AppDelegate.swift in Sources */,
				1986BF132C4AA3FC004F49BF /* Livestream.swift in Sources */,
				1986BF1B2C4AA3FC004F49BF /* Errors.swift in Sources */,
				1986BF122C4AA3FC004F49BF /* ITag.swift in Sources */,
				1986BF172C4AA3FC004F49BF /* YouTubeMetadata.swift in Sources */,
				1986BF1A2C4AA3FC004F49BF /* Cipher.swift in Sources */,
				1986BF1F2C4AA3FC004F49BF /* YouTube.swift in Sources */,
				1986BF1E2C4AA3FC004F49BF /* Parser.swift in Sources */,
				1986BF0A2C4AA3FC004F49BF /* Lazy.swift in Sources */,
				1986BF0F2C4AA3FC004F49BF /* WebSocket.swift in Sources */,
				1986BF1D2C4AA3FC004F49BF /* InnerTube.swift in Sources */,
				1986BF1C2C4AA3FC004F49BF /* Extraction.swift in Sources */,
				198F91852B517D5100E6CB0F /* SceneDelegate.swift in Sources */,
				1986BF0B2C4AA3FC004F49BF /* Logging.swift in Sources */,
				1986BF092C4AA3FC004F49BF /* Foundation.swift in Sources */,
			);
			runOnlyForDeploymentPostprocessing = 0;
		};
/* End PBXSourcesBuildPhase section */

/* Begin PBXVariantGroup section */
		198F91882B517D5100E6CB0F /* Main.storyboard */ = {
			isa = PBXVariantGroup;
			children = (
				198F91892B517D5100E6CB0F /* Base */,
			);
			name = Main.storyboard;
			sourceTree = "<group>";
		};
		198F918D2B517D5300E6CB0F /* LaunchScreen.storyboard */ = {
			isa = PBXVariantGroup;
			children = (
				198F918E2B517D5300E6CB0F /* Base */,
			);
			name = LaunchScreen.storyboard;
			sourceTree = "<group>";
		};
/* End PBXVariantGroup section */

/* Begin XCBuildConfiguration section */
		198F91912B517D5300E6CB0F /* Debug */ = {
			isa = XCBuildConfiguration;
			buildSettings = {
				ALWAYS_SEARCH_USER_PATHS = NO;
				ASSETCATALOG_COMPILER_GENERATE_SWIFT_ASSET_SYMBOL_EXTENSIONS = YES;
				CLANG_ANALYZER_NONNULL = YES;
				CLANG_ANALYZER_NUMBER_OBJECT_CONVERSION = YES_AGGRESSIVE;
				CLANG_CXX_LANGUAGE_STANDARD = "gnu++20";
				CLANG_ENABLE_MODULES = YES;
				CLANG_ENABLE_OBJC_ARC = YES;
				CLANG_ENABLE_OBJC_WEAK = YES;
				CLANG_WARN_BLOCK_CAPTURE_AUTORELEASING = YES;
				CLANG_WARN_BOOL_CONVERSION = YES;
				CLANG_WARN_COMMA = YES;
				CLANG_WARN_CONSTANT_CONVERSION = YES;
				CLANG_WARN_DEPRECATED_OBJC_IMPLEMENTATIONS = YES;
				CLANG_WARN_DIRECT_OBJC_ISA_USAGE = YES_ERROR;
				CLANG_WARN_DOCUMENTATION_COMMENTS = YES;
				CLANG_WARN_EMPTY_BODY = YES;
				CLANG_WARN_ENUM_CONVERSION = YES;
				CLANG_WARN_INFINITE_RECURSION = YES;
				CLANG_WARN_INT_CONVERSION = YES;
				CLANG_WARN_NON_LITERAL_NULL_CONVERSION = YES;
				CLANG_WARN_OBJC_IMPLICIT_RETAIN_SELF = YES;
				CLANG_WARN_OBJC_LITERAL_CONVERSION = YES;
				CLANG_WARN_OBJC_ROOT_CLASS = YES_ERROR;
				CLANG_WARN_QUOTED_INCLUDE_IN_FRAMEWORK_HEADER = YES;
				CLANG_WARN_RANGE_LOOP_ANALYSIS = YES;
				CLANG_WARN_STRICT_PROTOTYPES = YES;
				CLANG_WARN_SUSPICIOUS_MOVE = YES;
				CLANG_WARN_UNGUARDED_AVAILABILITY = YES_AGGRESSIVE;
				CLANG_WARN_UNREACHABLE_CODE = YES;
				CLANG_WARN__DUPLICATE_METHOD_MATCH = YES;
				COPY_PHASE_STRIP = NO;
				DEBUG_INFORMATION_FORMAT = dwarf;
				ENABLE_STRICT_OBJC_MSGSEND = YES;
				ENABLE_TESTABILITY = YES;
				ENABLE_USER_SCRIPT_SANDBOXING = YES;
				GCC_C_LANGUAGE_STANDARD = gnu17;
				GCC_DYNAMIC_NO_PIC = NO;
				GCC_NO_COMMON_BLOCKS = YES;
				GCC_OPTIMIZATION_LEVEL = 0;
				GCC_PREPROCESSOR_DEFINITIONS = (
					"DEBUG=1",
					"$(inherited)",
				);
				GCC_WARN_64_TO_32_BIT_CONVERSION = YES;
				GCC_WARN_ABOUT_RETURN_TYPE = YES_ERROR;
				GCC_WARN_UNDECLARED_SELECTOR = YES;
				GCC_WARN_UNINITIALIZED_AUTOS = YES_AGGRESSIVE;
				GCC_WARN_UNUSED_FUNCTION = YES;
				GCC_WARN_UNUSED_VARIABLE = YES;
				IPHONEOS_DEPLOYMENT_TARGET = 17.0;
				LOCALIZATION_PREFERS_STRING_CATALOGS = YES;
				MTL_ENABLE_DEBUG_INFO = INCLUDE_SOURCE;
				MTL_FAST_MATH = YES;
				ONLY_ACTIVE_ARCH = YES;
				SDKROOT = iphoneos;
				SWIFT_ACTIVE_COMPILATION_CONDITIONS = "DEBUG $(inherited)";
				SWIFT_OPTIMIZATION_LEVEL = "-Onone";
			};
			name = Debug;
		};
		198F91922B517D5300E6CB0F /* Release */ = {
			isa = XCBuildConfiguration;
			buildSettings = {
				ALWAYS_SEARCH_USER_PATHS = NO;
				ASSETCATALOG_COMPILER_GENERATE_SWIFT_ASSET_SYMBOL_EXTENSIONS = YES;
				CLANG_ANALYZER_NONNULL = YES;
				CLANG_ANALYZER_NUMBER_OBJECT_CONVERSION = YES_AGGRESSIVE;
				CLANG_CXX_LANGUAGE_STANDARD = "gnu++20";
				CLANG_ENABLE_MODULES = YES;
				CLANG_ENABLE_OBJC_ARC = YES;
				CLANG_ENABLE_OBJC_WEAK = YES;
				CLANG_WARN_BLOCK_CAPTURE_AUTORELEASING = YES;
				CLANG_WARN_BOOL_CONVERSION = YES;
				CLANG_WARN_COMMA = YES;
				CLANG_WARN_CONSTANT_CONVERSION = YES;
				CLANG_WARN_DEPRECATED_OBJC_IMPLEMENTATIONS = YES;
				CLANG_WARN_DIRECT_OBJC_ISA_USAGE = YES_ERROR;
				CLANG_WARN_DOCUMENTATION_COMMENTS = YES;
				CLANG_WARN_EMPTY_BODY = YES;
				CLANG_WARN_ENUM_CONVERSION = YES;
				CLANG_WARN_INFINITE_RECURSION = YES;
				CLANG_WARN_INT_CONVERSION = YES;
				CLANG_WARN_NON_LITERAL_NULL_CONVERSION = YES;
				CLANG_WARN_OBJC_IMPLICIT_RETAIN_SELF = YES;
				CLANG_WARN_OBJC_LITERAL_CONVERSION = YES;
				CLANG_WARN_OBJC_ROOT_CLASS = YES_ERROR;
				CLANG_WARN_QUOTED_INCLUDE_IN_FRAMEWORK_HEADER = YES;
				CLANG_WARN_RANGE_LOOP_ANALYSIS = YES;
				CLANG_WARN_STRICT_PROTOTYPES = YES;
				CLANG_WARN_SUSPICIOUS_MOVE = YES;
				CLANG_WARN_UNGUARDED_AVAILABILITY = YES_AGGRESSIVE;
				CLANG_WARN_UNREACHABLE_CODE = YES;
				CLANG_WARN__DUPLICATE_METHOD_MATCH = YES;
				COPY_PHASE_STRIP = NO;
				DEBUG_INFORMATION_FORMAT = "dwarf-with-dsym";
				ENABLE_NS_ASSERTIONS = NO;
				ENABLE_STRICT_OBJC_MSGSEND = YES;
				ENABLE_USER_SCRIPT_SANDBOXING = YES;
				GCC_C_LANGUAGE_STANDARD = gnu17;
				GCC_NO_COMMON_BLOCKS = YES;
				GCC_WARN_64_TO_32_BIT_CONVERSION = YES;
				GCC_WARN_ABOUT_RETURN_TYPE = YES_ERROR;
				GCC_WARN_UNDECLARED_SELECTOR = YES;
				GCC_WARN_UNINITIALIZED_AUTOS = YES_AGGRESSIVE;
				GCC_WARN_UNUSED_FUNCTION = YES;
				GCC_WARN_UNUSED_VARIABLE = YES;
				IPHONEOS_DEPLOYMENT_TARGET = 17.0;
				LOCALIZATION_PREFERS_STRING_CATALOGS = YES;
				MTL_ENABLE_DEBUG_INFO = NO;
				MTL_FAST_MATH = YES;
				SDKROOT = iphoneos;
				SWIFT_COMPILATION_MODE = wholemodule;
				VALIDATE_PRODUCT = YES;
			};
			name = Release;
		};
		198F91942B517D5300E6CB0F /* Debug */ = {
			isa = XCBuildConfiguration;
			baseConfigurationReference = D08DC0F5CD07FCE5BB7DCC66 /* Pods-Example.debug.xcconfig */;
			buildSettings = {
				ASSETCATALOG_COMPILER_APPICON_NAME = AppIcon;
				ASSETCATALOG_COMPILER_GLOBAL_ACCENT_COLOR_NAME = AccentColor;
				CODE_SIGN_STYLE = Automatic;
				CURRENT_PROJECT_VERSION = 1;
				DEVELOPMENT_TEAM = PK89J4P7C8;
				ENABLE_USER_SCRIPT_SANDBOXING = NO;
				GENERATE_INFOPLIST_FILE = YES;
				INFOPLIST_FILE = Example/Info.plist;
				INFOPLIST_KEY_UIApplicationSupportsIndirectInputEvents = YES;
				INFOPLIST_KEY_UILaunchStoryboardName = LaunchScreen;
				INFOPLIST_KEY_UIMainStoryboardFile = Main;
				INFOPLIST_KEY_UISupportedInterfaceOrientations_iPad = "UIInterfaceOrientationPortrait UIInterfaceOrientationPortraitUpsideDown UIInterfaceOrientationLandscapeLeft UIInterfaceOrientationLandscapeRight";
				INFOPLIST_KEY_UISupportedInterfaceOrientations_iPhone = "UIInterfaceOrientationPortrait UIInterfaceOrientationLandscapeLeft UIInterfaceOrientationLandscapeRight";
				IPHONEOS_DEPLOYMENT_TARGET = 14;
				LD_RUNPATH_SEARCH_PATHS = (
					"$(inherited)",
					"@executable_path/Frameworks",
				);
				MARKETING_VERSION = 1.0;
				PRODUCT_BUNDLE_IDENTIFIER = com.soulmob.Example;
				PRODUCT_NAME = "$(TARGET_NAME)";
				SWIFT_EMIT_LOC_STRINGS = YES;
				SWIFT_VERSION = 5.0;
				TARGETED_DEVICE_FAMILY = "1,2";
			};
			name = Debug;
		};
		198F91952B517D5300E6CB0F /* Release */ = {
			isa = XCBuildConfiguration;
			baseConfigurationReference = 0C3031F0F68EE43D35155C71 /* Pods-Example.release.xcconfig */;
			buildSettings = {
				ASSETCATALOG_COMPILER_APPICON_NAME = AppIcon;
				ASSETCATALOG_COMPILER_GLOBAL_ACCENT_COLOR_NAME = AccentColor;
				CODE_SIGN_STYLE = Automatic;
				CURRENT_PROJECT_VERSION = 1;
				DEVELOPMENT_TEAM = PK89J4P7C8;
				ENABLE_USER_SCRIPT_SANDBOXING = NO;
				GENERATE_INFOPLIST_FILE = YES;
				INFOPLIST_FILE = Example/Info.plist;
				INFOPLIST_KEY_UIApplicationSupportsIndirectInputEvents = YES;
				INFOPLIST_KEY_UILaunchStoryboardName = LaunchScreen;
				INFOPLIST_KEY_UIMainStoryboardFile = Main;
				INFOPLIST_KEY_UISupportedInterfaceOrientations_iPad = "UIInterfaceOrientationPortrait UIInterfaceOrientationPortraitUpsideDown UIInterfaceOrientationLandscapeLeft UIInterfaceOrientationLandscapeRight";
				INFOPLIST_KEY_UISupportedInterfaceOrientations_iPhone = "UIInterfaceOrientationPortrait UIInterfaceOrientationLandscapeLeft UIInterfaceOrientationLandscapeRight";
				IPHONEOS_DEPLOYMENT_TARGET = 14;
				LD_RUNPATH_SEARCH_PATHS = (
					"$(inherited)",
					"@executable_path/Frameworks",
				);
				MARKETING_VERSION = 1.0;
				PRODUCT_BUNDLE_IDENTIFIER = com.soulmob.Example;
				PRODUCT_NAME = "$(TARGET_NAME)";
				SWIFT_EMIT_LOC_STRINGS = YES;
				SWIFT_VERSION = 5.0;
				TARGETED_DEVICE_FAMILY = "1,2";
			};
			name = Release;
		};
/* End XCBuildConfiguration section */

/* Begin XCConfigurationList section */
		198F917A2B517D5100E6CB0F /* Build configuration list for PBXProject "Example" */ = {
			isa = XCConfigurationList;
			buildConfigurations = (
				198F91912B517D5300E6CB0F /* Debug */,
				198F91922B517D5300E6CB0F /* Release */,
			);
			defaultConfigurationIsVisible = 0;
			defaultConfigurationName = Release;
		};
		198F91932B517D5300E6CB0F /* Build configuration list for PBXNativeTarget "Example" */ = {
			isa = XCConfigurationList;
			buildConfigurations = (
				198F91942B517D5300E6CB0F /* Debug */,
				198F91952B517D5300E6CB0F /* Release */,
			);
			defaultConfigurationIsVisible = 0;
			defaultConfigurationName = Release;
		};
/* End XCConfigurationList section */
	};
	rootObject = 198F91772B517D5100E6CB0F /* Project object */;
}
